
Microsoft Visual Studio Solution File, Format Version 12.00
# Visual Studio Version 17
VisualStudioVersion = 17.1.32328.378
MinimumVisualStudioVersion = 10.0.40219.1
Project("{FAE04EC0-301F-11D3-BF4B-00C04F79EFBC}") = "Assignment 12.3", "Assignment 12.3.csproj", "{8F18DCB8-EBB3-4CD0-BFB6-FBC634BC7E93}"
EndProject
Global
	GlobalSection(SolutionConfigurationPlatforms) = preSolution
		Debug|Any CPU = Debug|Any CPU
		Release|Any CPU = Release|Any CPU
	EndGlobalSection
	GlobalSection(ProjectConfigurationPlatforms) = postSolution
		{8F18DCB8-EBB3-4CD0-BFB6-FBC634BC7E93}.Debug|Any CPU.ActiveCfg = Debug|Any CPU
		{8F18DCB8-EBB3-4CD0-BFB6-FBC634BC7E93}.Debug|Any CPU.Build.0 = Debug|Any CPU
		{8F18DCB8-EBB3-4CD0-BFB6-FBC634BC7E93}.Release|Any CPU.ActiveCfg = Release|Any CPU
		{8F18DCB8-EBB3-4CD0-BFB6-FBC634BC7E93}.Release|Any CPU.Build.0 = Release|Any CPU
	EndGlobalSection
	GlobalSection(SolutionProperties) = preSolution
		HideSolutionNode = FALSE
	EndGlobalSection
	GlobalSection(ExtensibilityGlobals) = postSolution
		SolutionGuid = {39EF50BA-DCDE-44FF-BC69-43E9D4F71DB4}
	EndGlobalSection
EndGlobal
