
Microsoft Visual Studio Solution File, Format Version 12.00
# Visual Studio Version 16
VisualStudioVersion = 16.0.32002.261
MinimumVisualStudioVersion = 10.0.40219.1
Project("{FAE04EC0-301F-11D3-BF4B-00C04F79EFBC}") = "Assignment 5.1", "Assignment 5.1.csproj", "{AEA604E1-B479-4C72-ADF0-83AD6DFD8DA5}"
EndProject
Global
	GlobalSection(SolutionConfigurationPlatforms) = preSolution
		Debug|Any CPU = Debug|Any CPU
		Release|Any CPU = Release|Any CPU
	EndGlobalSection
	GlobalSection(ProjectConfigurationPlatforms) = postSolution
		{AEA604E1-B479-4C72-ADF0-83AD6DFD8DA5}.Debug|Any CPU.ActiveCfg = Debug|Any CPU
		{AEA604E1-B479-4C72-ADF0-83AD6DFD8DA5}.Debug|Any CPU.Build.0 = Debug|Any CPU
		{AEA604E1-B479-4C72-ADF0-83AD6DFD8DA5}.Release|Any CPU.ActiveCfg = Release|Any CPU
		{AEA604E1-B479-4C72-ADF0-83AD6DFD8DA5}.Release|Any CPU.Build.0 = Release|Any CPU
	EndGlobalSection
	GlobalSection(SolutionProperties) = preSolution
		HideSolutionNode = FALSE
	EndGlobalSection
	GlobalSection(ExtensibilityGlobals) = postSolution
		SolutionGuid = {7B1F80F3-7220-4EB8-9876-AC1EC72E9AB2}
	EndGlobalSection
EndGlobal
