
Microsoft Visual Studio Solution File, Format Version 12.00
# Visual Studio Version 16
VisualStudioVersion = 16.0.32002.261
MinimumVisualStudioVersion = 10.0.40219.1
Project("{FAE04EC0-301F-11D3-BF4B-00C04F79EFBC}") = "Assignment1.3 Part 4", "Assignment1.3 Part 4.csproj", "{431961FB-8650-4F98-B9F1-16C67973F081}"
EndProject
Global
	GlobalSection(SolutionConfigurationPlatforms) = preSolution
		Debug|Any CPU = Debug|Any CPU
		Release|Any CPU = Release|Any CPU
	EndGlobalSection
	GlobalSection(ProjectConfigurationPlatforms) = postSolution
		{431961FB-8650-4F98-B9F1-16C67973F081}.Debug|Any CPU.ActiveCfg = Debug|Any CPU
		{431961FB-8650-4F98-B9F1-16C67973F081}.Debug|Any CPU.Build.0 = Debug|Any CPU
		{431961FB-8650-4F98-B9F1-16C67973F081}.Release|Any CPU.ActiveCfg = Release|Any CPU
		{431961FB-8650-4F98-B9F1-16C67973F081}.Release|Any CPU.Build.0 = Release|Any CPU
	EndGlobalSection
	GlobalSection(SolutionProperties) = preSolution
		HideSolutionNode = FALSE
	EndGlobalSection
	GlobalSection(ExtensibilityGlobals) = postSolution
		SolutionGuid = {AE2E3333-3698-4ABD-AD79-11D8A3C78C9F}
	EndGlobalSection
EndGlobal
