
Microsoft Visual Studio Solution File, Format Version 12.00
# Visual Studio Version 17
VisualStudioVersion = 17.1.32319.34
MinimumVisualStudioVersion = 10.0.40219.1
Project("{FAE04EC0-301F-11D3-BF4B-00C04F79EFBC}") = "Assignment 11.4", "Assignment 11.4.csproj", "{535E26D8-21C4-48C2-BC09-FFC08BC248B9}"
EndProject
Global
	GlobalSection(SolutionConfigurationPlatforms) = preSolution
		Debug|Any CPU = Debug|Any CPU
		Release|Any CPU = Release|Any CPU
	EndGlobalSection
	GlobalSection(ProjectConfigurationPlatforms) = postSolution
		{535E26D8-21C4-48C2-BC09-FFC08BC248B9}.Debug|Any CPU.ActiveCfg = Debug|Any CPU
		{535E26D8-21C4-48C2-BC09-FFC08BC248B9}.Debug|Any CPU.Build.0 = Debug|Any CPU
		{535E26D8-21C4-48C2-BC09-FFC08BC248B9}.Release|Any CPU.ActiveCfg = Release|Any CPU
		{535E26D8-21C4-48C2-BC09-FFC08BC248B9}.Release|Any CPU.Build.0 = Release|Any CPU
	EndGlobalSection
	GlobalSection(SolutionProperties) = preSolution
		HideSolutionNode = FALSE
	EndGlobalSection
	GlobalSection(ExtensibilityGlobals) = postSolution
		SolutionGuid = {34AF95C1-943F-4A1C-958E-67BE949FF2E8}
	EndGlobalSection
EndGlobal
