
Microsoft Visual Studio Solution File, Format Version 12.00
# Visual Studio Version 16
VisualStudioVersion = 16.0.32002.261
MinimumVisualStudioVersion = 10.0.40219.1
Project("{FAE04EC0-301F-11D3-BF4B-00C04F79EFBC}") = "Assignment1.3 Part 2", "Assignment1.3 Part 2.csproj", "{3C7D8D41-EF12-4E3C-BCDE-18B921F45FA1}"
EndProject
Global
	GlobalSection(SolutionConfigurationPlatforms) = preSolution
		Debug|Any CPU = Debug|Any CPU
		Release|Any CPU = Release|Any CPU
	EndGlobalSection
	GlobalSection(ProjectConfigurationPlatforms) = postSolution
		{3C7D8D41-EF12-4E3C-BCDE-18B921F45FA1}.Debug|Any CPU.ActiveCfg = Debug|Any CPU
		{3C7D8D41-EF12-4E3C-BCDE-18B921F45FA1}.Debug|Any CPU.Build.0 = Debug|Any CPU
		{3C7D8D41-EF12-4E3C-BCDE-18B921F45FA1}.Release|Any CPU.ActiveCfg = Release|Any CPU
		{3C7D8D41-EF12-4E3C-BCDE-18B921F45FA1}.Release|Any CPU.Build.0 = Release|Any CPU
	EndGlobalSection
	GlobalSection(SolutionProperties) = preSolution
		HideSolutionNode = FALSE
	EndGlobalSection
	GlobalSection(ExtensibilityGlobals) = postSolution
		SolutionGuid = {113E82E3-F20D-4615-AB76-E2B94FB1C7D6}
	EndGlobalSection
EndGlobal
